{
  "name": "findaddresscore",
  "version": "1.0.0",
  "lockfileVersion": 1,
  "requires": true,
  "dependencies": {
    "automapper-ts": {
      "version": "1.9.0",
      "resolved": "https://registry.npmjs.org/automapper-ts/-/automapper-ts-1.9.0.tgz",
      "integrity": "sha512-GVk0lYG2vZEMnor6kknwdW0nfWv9TW2/PfNWlHsGVXHkCYGTzzG27AuVwPcOzoPfgEU0AHMCB+4K7iKd33i8ZQ=="
    }
  }
}
